// !$*UTF8*$!
{
	archiveVersion = 1;
	classes = {
	};
	objectVersion = 50;
	objects = {

/* Begin PBXBuildFile section */
		080CFC372355EDC9003510A3 /* LaunchScreen.storyboard in Resources */ = {isa = PBXBuildFile; fileRef = 080CFC302355EDC8003510A3 /* LaunchScreen.storyboard */; };
		080CFC382355EDC9003510A3 /* Main.storyboard in Resources */ = {isa = PBXBuildFile; fileRef = 080CFC322355EDC8003510A3 /* Main.storyboard */; };
		080CFC392355EDC9003510A3 /* AppDelegate.swift in Sources */ = {isa = PBXBuildFile; fileRef = 080CFC362355EDC9003510A3 /* AppDelegate.swift */; };
		08EACFC024111C6E0095FCBF /* ExpandVC.swift in Sources */ = {isa = PBXBuildFile; fileRef = 08EACFB524111C6E0095FCBF /* ExpandVC.swift */; };
		08EACFC124111C6E0095FCBF /* ExpandTableviewSectionHeader.swift in Sources */ = {isa = PBXBuildFile; fileRef = 08EACFB724111C6E0095FCBF /* ExpandTableviewSectionHeader.swift */; };
		08EACFC224111C6E0095FCBF /* ExpandVCExtension.swift in Sources */ = {isa = PBXBuildFile; fileRef = 08EACFB824111C6E0095FCBF /* ExpandVCExtension.swift */; };
		08EACFC324111C6E0095FCBF /* EquipmentCellClass.swift in Sources */ = {isa = PBXBuildFile; fileRef = 08EACFBA24111C6E0095FCBF /* EquipmentCellClass.swift */; };
		08EACFC424111C6E0095FCBF /* ExpandTableCellClass.swift in Sources */ = {isa = PBXBuildFile; fileRef = 08EACFBB24111C6E0095FCBF /* ExpandTableCellClass.swift */; };
		08EACFC524111C6E0095FCBF /* Assets.xcassets in Resources */ = {isa = PBXBuildFile; fileRef = 08EACFBD24111C6E0095FCBF /* Assets.xcassets */; };
		08EACFC624111C6E0095FCBF /* Info.plist in Resources */ = {isa = PBXBuildFile; fileRef = 08EACFBF24111C6E0095FCBF /* Info.plist */; };
/* End PBXBuildFile section */

/* Begin PBXFileReference section */
		080CFC1A2355D7A9003510A3 /* expandDemoTableview.app */ = {isa = PBXFileReference; explicitFileType = wrapper.application; includeInIndex = 0; path = expandDemoTableview.app; sourceTree = BUILT_PRODUCTS_DIR; };
		080CFC312355EDC8003510A3 /* Base */ = {isa = PBXFileReference; lastKnownFileType = file.storyboard; name = Base; path = Base.lproj/LaunchScreen.storyboard; sourceTree = "<group>"; };
		080CFC332355EDC8003510A3 /* Base */ = {isa = PBXFileReference; lastKnownFileType = file.storyboard; name = Base; path = Base.lproj/Main.storyboard; sourceTree = "<group>"; };
		080CFC362355EDC9003510A3 /* AppDelegate.swift */ = {isa = PBXFileReference; fileEncoding = 4; lastKnownFileType = sourcecode.swift; path = AppDelegate.swift; sourceTree = "<group>"; };
		08EACFB524111C6E0095FCBF /* ExpandVC.swift */ = {isa = PBXFileReference; fileEncoding = 4; lastKnownFileType = sourcecode.swift; path = ExpandVC.swift; sourceTree = "<group>"; };
		08EACFB724111C6E0095FCBF /* ExpandTableviewSectionHeader.swift */ = {isa = PBXFileReference; fileEncoding = 4; lastKnownFileType = sourcecode.swift; path = ExpandTableviewSectionHeader.swift; sourceTree = "<group>"; };
		08EACFB824111C6E0095FCBF /* ExpandVCExtension.swift */ = {isa = PBXFileReference; fileEncoding = 4; lastKnownFileType = sourcecode.swift; path = ExpandVCExtension.swift; sourceTree = "<group>"; };
		08EACFBA24111C6E0095FCBF /* EquipmentCellClass.swift */ = {isa = PBXFileReference; fileEncoding = 4; lastKnownFileType = sourcecode.swift; path = EquipmentCellClass.swift; sourceTree = "<group>"; };
		08EACFBB24111C6E0095FCBF /* ExpandTableCellClass.swift */ = {isa = PBXFileReference; fileEncoding = 4; lastKnownFileType = sourcecode.swift; path = ExpandTableCellClass.swift; sourceTree = "<group>"; };
		08EACFBD24111C6E0095FCBF /* Assets.xcassets */ = {isa = PBXFileReference; lastKnownFileType = folder.assetcatalog; path = Assets.xcassets; sourceTree = "<group>"; };
		08EACFBF24111C6E0095FCBF /* Info.plist */ = {isa = PBXFileReference; fileEncoding = 4; lastKnownFileType = text.plist.xml; path = Info.plist; sourceTree = "<group>"; };
/* End PBXFileReference section */

/* Begin PBXFrameworksBuildPhase section */
		080CFC172355D7A9003510A3 /* Frameworks */ = {
			isa = PBXFrameworksBuildPhase;
			buildActionMask = 2147483647;
			files = (
			);
			runOnlyForDeploymentPostprocessing = 0;
		};
/* End PBXFrameworksBuildPhase section */

/* Begin PBXGroup section */
		080CFC112355D7A9003510A3 = {
			isa = PBXGroup;
			children = (
				080CFC1C2355D7A9003510A3 /* expandDemoTableview */,
				080CFC1B2355D7A9003510A3 /* Products */,
			);
			sourceTree = "<group>";
		};
		080CFC1B2355D7A9003510A3 /* Products */ = {
			isa = PBXGroup;
			children = (
				080CFC1A2355D7A9003510A3 /* expandDemoTableview.app */,
			);
			name = Products;
			sourceTree = "<group>";
		};
		080CFC1C2355D7A9003510A3 /* expandDemoTableview */ = {
			isa = PBXGroup;
			children = (
				08EACFBC24111C6E0095FCBF /* Assets */,
				08EACFB324111C6E0095FCBF /* Controller */,
				08EACFBE24111C6E0095FCBF /* SupportingFiles */,
				080CFC352355EDC9003510A3 /* AppDelegate */,
				080CFC2F2355EDC8003510A3 /* View */,
			);
			path = expandDemoTableview;
			sourceTree = "<group>";
		};
		080CFC2F2355EDC8003510A3 /* View */ = {
			isa = PBXGroup;
			children = (
				080CFC302355EDC8003510A3 /* LaunchScreen.storyboard */,
				080CFC322355EDC8003510A3 /* Main.storyboard */,
			);
			path = View;
			sourceTree = "<group>";
		};
		080CFC352355EDC9003510A3 /* AppDelegate */ = {
			isa = PBXGroup;
			children = (
				080CFC362355EDC9003510A3 /* AppDelegate.swift */,
			);
			path = AppDelegate;
			sourceTree = "<group>";
		};
		08EACFB324111C6E0095FCBF /* Controller */ = {
			isa = PBXGroup;
			children = (
				08EACFB424111C6E0095FCBF /* ExpandVC */,
			);
			path = Controller;
			sourceTree = "<group>";
		};
		08EACFB424111C6E0095FCBF /* ExpandVC */ = {
			isa = PBXGroup;
			children = (
				08EACFB524111C6E0095FCBF /* ExpandVC.swift */,
				08EACFB624111C6E0095FCBF /* SectionHeader */,
				08EACFB824111C6E0095FCBF /* ExpandVCExtension.swift */,
				08EACFB924111C6E0095FCBF /* CellClass */,
			);
			path = ExpandVC;
			sourceTree = "<group>";
		};
		08EACFB624111C6E0095FCBF /* SectionHeader */ = {
			isa = PBXGroup;
			children = (
				08EACFB724111C6E0095FCBF /* ExpandTableviewSectionHeader.swift */,
			);
			path = SectionHeader;
			sourceTree = "<group>";
		};
		08EACFB924111C6E0095FCBF /* CellClass */ = {
			isa = PBXGroup;
			children = (
				08EACFBA24111C6E0095FCBF /* EquipmentCellClass.swift */,
				08EACFBB24111C6E0095FCBF /* ExpandTableCellClass.swift */,
			);
			path = CellClass;
			sourceTree = "<group>";
		};
		08EACFBC24111C6E0095FCBF /* Assets */ = {
			isa = PBXGroup;
			children = (
				08EACFBD24111C6E0095FCBF /* Assets.xcassets */,
			);
			path = Assets;
			sourceTree = "<group>";
		};
		08EACFBE24111C6E0095FCBF /* SupportingFiles */ = {
			isa = PBXGroup;
			children = (
				08EACFBF24111C6E0095FCBF /* Info.plist */,
			);
			path = SupportingFiles;
			sourceTree = "<group>";
		};
/* End PBXGroup section */

/* Begin PBXNativeTarget section */
		080CFC192355D7A9003510A3 /* expandDemoTableview */ = {
			isa = PBXNativeTarget;
			buildConfigurationList = 080CFC2C2355D7AC003510A3 /* Build configuration list for PBXNativeTarget "expandDemoTableview" */;
			buildPhases = (
				080CFC162355D7A9003510A3 /* Sources */,
				080CFC172355D7A9003510A3 /* Frameworks */,
				080CFC182355D7A9003510A3 /* Resources */,
			);
			buildRules = (
			);
			dependencies = (
			);
			name = expandDemoTableview;
			productName = expandDemoTableview;
			productReference = 080CFC1A2355D7A9003510A3 /* expandDemoTableview.app */;
			productType = "com.apple.product-type.application";
		};
/* End PBXNativeTarget section */

/* Begin PBXProject section */
		080CFC122355D7A9003510A3 /* Project object */ = {
			isa = PBXProject;
			attributes = {
				LastSwiftUpdateCheck = 1030;
				LastUpgradeCheck = 1030;
				ORGANIZATIONNAME = Hitaishin;
				TargetAttributes = {
					080CFC192355D7A9003510A3 = {
						CreatedOnToolsVersion = 10.3;
					};
				};
			};
			buildConfigurationList = 080CFC152355D7A9003510A3 /* Build configuration list for PBXProject "expandDemoTableview" */;
			compatibilityVersion = "Xcode 9.3";
			developmentRegion = en;
			hasScannedForEncodings = 0;
			knownRegions = (
				en,
				Base,
			);
			mainGroup = 080CFC112355D7A9003510A3;
			productRefGroup = 080CFC1B2355D7A9003510A3 /* Products */;
			projectDirPath = "";
			projectRoot = "";
			targets = (
				080CFC192355D7A9003510A3 /* expandDemoTableview */,
			);
		};
/* End PBXProject section */

/* Begin PBXResourcesBuildPhase section */
		080CFC182355D7A9003510A3 /* Resources */ = {
			isa = PBXResourcesBuildPhase;
			buildActionMask = 2147483647;
			files = (
				08EACFC624111C6E0095FCBF /* Info.plist in Resources */,
				080CFC382355EDC9003510A3 /* Main.storyboard in Resources */,
				08EACFC524111C6E0095FCBF /* Assets.xcassets in Resources */,
				080CFC372355EDC9003510A3 /* LaunchScreen.storyboard in Resources */,
			);
			runOnlyForDeploymentPostprocessing = 0;
		};
/* End PBXResourcesBuildPhase section */

/* Begin PBXSourcesBuildPhase section */
		080CFC162355D7A9003510A3 /* Sources */ = {
			isa = PBXSourcesBuildPhase;
			buildActionMask = 2147483647;
			files = (
				08EACFC324111C6E0095FCBF /* EquipmentCellClass.swift in Sources */,
				08EACFC424111C6E0095FCBF /* ExpandTableCellClass.swift in Sources */,
				08EACFC224111C6E0095FCBF /* ExpandVCExtension.swift in Sources */,
				08EACFC124111C6E0095FCBF /* ExpandTableviewSectionHeader.swift in Sources */,
				08EACFC024111C6E0095FCBF /* ExpandVC.swift in Sources */,
				080CFC392355EDC9003510A3 /* AppDelegate.swift in Sources */,
			);
			runOnlyForDeploymentPostprocessing = 0;
		};
/* End PBXSourcesBuildPhase section */

/* Begin PBXVariantGroup section */
		080CFC302355EDC8003510A3 /* LaunchScreen.storyboard */ = {
			isa = PBXVariantGroup;
			children = (
				080CFC312355EDC8003510A3 /* Base */,
			);
			name = LaunchScreen.storyboard;
			sourceTree = "<group>";
		};
		080CFC322355EDC8003510A3 /* Main.storyboard */ = {
			isa = PBXVariantGroup;
			children = (
				080CFC332355EDC8003510A3 /* Base */,
			);
			name = Main.storyboard;
			sourceTree = "<group>";
		};
/* End PBXVariantGroup section */

/* Begin XCBuildConfiguration section */
		080CFC2A2355D7AC003510A3 /* Debug */ = {
			isa = XCBuildConfiguration;
			buildSettings = {
				ALWAYS_SEARCH_USER_PATHS = NO;
				CLANG_ANALYZER_NONNULL = YES;
				CLANG_ANALYZER_NUMBER_OBJECT_CONVERSION = YES_AGGRESSIVE;
				CLANG_CXX_LANGUAGE_STANDARD = "gnu++14";
				CLANG_CXX_LIBRARY = "libc++";
				CLANG_ENABLE_MODULES = YES;
				CLANG_ENABLE_OBJC_ARC = YES;
				CLANG_ENABLE_OBJC_WEAK = YES;
				CLANG_WARN_BLOCK_CAPTURE_AUTORELEASING = YES;
				CLANG_WARN_BOOL_CONVERSION = YES;
				CLANG_WARN_COMMA = YES;
				CLANG_WARN_CONSTANT_CONVERSION = YES;
				CLANG_WARN_DEPRECATED_OBJC_IMPLEMENTATIONS = YES;
				CLANG_WARN_DIRECT_OBJC_ISA_USAGE = YES_ERROR;
				CLANG_WARN_DOCUMENTATION_COMMENTS = YES;
				CLANG_WARN_EMPTY_BODY = YES;
				CLANG_WARN_ENUM_CONVERSION = YES;
				CLANG_WARN_INFINITE_RECURSION = YES;
				CLANG_WARN_INT_CONVERSION = YES;
				CLANG_WARN_NON_LITERAL_NULL_CONVERSION = YES;
				CLANG_WARN_OBJC_IMPLICIT_RETAIN_SELF = YES;
				CLANG_WARN_OBJC_LITERAL_CONVERSION = YES;
				CLANG_WARN_OBJC_ROOT_CLASS = YES_ERROR;
				CLANG_WARN_RANGE_LOOP_ANALYSIS = YES;
				CLANG_WARN_STRICT_PROTOTYPES = YES;
				CLANG_WARN_SUSPICIOUS_MOVE = YES;
				CLANG_WARN_UNGUARDED_AVAILABILITY = YES_AGGRESSIVE;
				CLANG_WARN_UNREACHABLE_CODE = YES;
				CLANG_WARN__DUPLICATE_METHOD_MATCH = YES;
				CODE_SIGN_IDENTITY = "iPhone Developer";
				COPY_PHASE_STRIP = NO;
				DEBUG_INFORMATION_FORMAT = dwarf;
				ENABLE_STRICT_OBJC_MSGSEND = YES;
				ENABLE_TESTABILITY = YES;
				GCC_C_LANGUAGE_STANDARD = gnu11;
				GCC_DYNAMIC_NO_PIC = NO;
				GCC_NO_COMMON_BLOCKS = YES;
				GCC_OPTIMIZATION_LEVEL = 0;
				GCC_PREPROCESSOR_DEFINITIONS = (
					"DEBUG=1",
					"$(inherited)",
				);
				GCC_WARN_64_TO_32_BIT_CONVERSION = YES;
				GCC_WARN_ABOUT_RETURN_TYPE = YES_ERROR;
				GCC_WARN_UNDECLARED_SELECTOR = YES;
				GCC_WARN_UNINITIALIZED_AUTOS = YES_AGGRESSIVE;
				GCC_WARN_UNUSED_FUNCTION = YES;
				GCC_WARN_UNUSED_VARIABLE = YES;
				IPHONEOS_DEPLOYMENT_TARGET = 12.4;
				MTL_ENABLE_DEBUG_INFO = INCLUDE_SOURCE;
				MTL_FAST_MATH = YES;
				ONLY_ACTIVE_ARCH = YES;
				SDKROOT = iphoneos;
				SWIFT_ACTIVE_COMPILATION_CONDITIONS = DEBUG;
				SWIFT_OPTIMIZATION_LEVEL = "-Onone";
			};
			name = Debug;
		};
		080CFC2B2355D7AC003510A3 /* Release */ = {
			isa = XCBuildConfiguration;
			buildSettings = {
				ALWAYS_SEARCH_USER_PATHS = NO;
				CLANG_ANALYZER_NONNULL = YES;
				CLANG_ANALYZER_NUMBER_OBJECT_CONVERSION = YES_AGGRESSIVE;
				CLANG_CXX_LANGUAGE_STANDARD = "gnu++14";
				CLANG_CXX_LIBRARY = "libc++";
				CLANG_ENABLE_MODULES = YES;
				CLANG_ENABLE_OBJC_ARC = YES;
				CLANG_ENABLE_OBJC_WEAK = YES;
				CLANG_WARN_BLOCK_CAPTURE_AUTORELEASING = YES;
				CLANG_WARN_BOOL_CONVERSION = YES;
				CLANG_WARN_COMMA = YES;
				CLANG_WARN_CONSTANT_CONVERSION = YES;
				CLANG_WARN_DEPRECATED_OBJC_IMPLEMENTATIONS = YES;
				CLANG_WARN_DIRECT_OBJC_ISA_USAGE = YES_ERROR;
				CLANG_WARN_DOCUMENTATION_COMMENTS = YES;
				CLANG_WARN_EMPTY_BODY = YES;
				CLANG_WARN_ENUM_CONVERSION = YES;
				CLANG_WARN_INFINITE_RECURSION = YES;
				CLANG_WARN_INT_CONVERSION = YES;
				CLANG_WARN_NON_LITERAL_NULL_CONVERSION = YES;
				CLANG_WARN_OBJC_IMPLICIT_RETAIN_SELF = YES;
				CLANG_WARN_OBJC_LITERAL_CONVERSION = YES;
				CLANG_WARN_OBJC_ROOT_CLASS = YES_ERROR;
				CLANG_WARN_RANGE_LOOP_ANALYSIS = YES;
				CLANG_WARN_STRICT_PROTOTYPES = YES;
				CLANG_WARN_SUSPICIOUS_MOVE = YES;
				CLANG_WARN_UNGUARDED_AVAILABILITY = YES_AGGRESSIVE;
				CLANG_WARN_UNREACHABLE_CODE = YES;
				CLANG_WARN__DUPLICATE_METHOD_MATCH = YES;
				CODE_SIGN_IDENTITY = "iPhone Developer";
				COPY_PHASE_STRIP = NO;
				DEBUG_INFORMATION_FORMAT = "dwarf-with-dsym";
				ENABLE_NS_ASSERTIONS = NO;
				ENABLE_STRICT_OBJC_MSGSEND = YES;
				GCC_C_LANGUAGE_STANDARD = gnu11;
				GCC_NO_COMMON_BLOCKS = YES;
				GCC_WARN_64_TO_32_BIT_CONVERSION = YES;
				GCC_WARN_ABOUT_RETURN_TYPE = YES_ERROR;
				GCC_WARN_UNDECLARED_SELECTOR = YES;
				GCC_WARN_UNINITIALIZED_AUTOS = YES_AGGRESSIVE;
				GCC_WARN_UNUSED_FUNCTION = YES;
				GCC_WARN_UNUSED_VARIABLE = YES;
				IPHONEOS_DEPLOYMENT_TARGET = 12.4;
				MTL_ENABLE_DEBUG_INFO = NO;
				MTL_FAST_MATH = YES;
				SDKROOT = iphoneos;
				SWIFT_COMPILATION_MODE = wholemodule;
				SWIFT_OPTIMIZATION_LEVEL = "-O";
				VALIDATE_PRODUCT = YES;
			};
			name = Release;
		};
		080CFC2D2355D7AC003510A3 /* Debug */ = {
			isa = XCBuildConfiguration;
			buildSettings = {
				ASSETCATALOG_COMPILER_APPICON_NAME = AppIcon;
				CODE_SIGN_IDENTITY = "Apple Development";
				CODE_SIGN_STYLE = Automatic;
				DEVELOPMENT_TEAM = 67QKF33ZAJ;
				INFOPLIST_FILE = "$(SRCROOT)/expandDemoTableview/SupportingFiles/Info.plist";
				IPHONEOS_DEPLOYMENT_TARGET = 12.0;
				LD_RUNPATH_SEARCH_PATHS = (
					"$(inherited)",
					"@executable_path/Frameworks",
				);
				PRODUCT_BUNDLE_IDENTIFIER = com.app.expandDemoTableview;
				PRODUCT_NAME = "$(TARGET_NAME)";
				PROVISIONING_PROFILE_SPECIFIER = "";
				SWIFT_VERSION = 5.0;
				TARGETED_DEVICE_FAMILY = "1,2";
			};
			name = Debug;
		};
		080CFC2E2355D7AC003510A3 /* Release */ = {
			isa = XCBuildConfiguration;
			buildSettings = {
				ASSETCATALOG_COMPILER_APPICON_NAME = AppIcon;
				CODE_SIGN_IDENTITY = "Apple Development";
				CODE_SIGN_STYLE = Automatic;
				DEVELOPMENT_TEAM = 67QKF33ZAJ;
				INFOPLIST_FILE = "$(SRCROOT)/expandDemoTableview/SupportingFiles/Info.plist";
				IPHONEOS_DEPLOYMENT_TARGET = 12.0;
				LD_RUNPATH_SEARCH_PATHS = (
					"$(inherited)",
					"@executable_path/Frameworks",
				);
				PRODUCT_BUNDLE_IDENTIFIER = com.app.expandDemoTableview;
				PRODUCT_NAME = "$(TARGET_NAME)";
				PROVISIONING_PROFILE_SPECIFIER = "";
				SWIFT_VERSION = 5.0;
				TARGETED_DEVICE_FAMILY = "1,2";
			};
			name = Release;
		};
/* End XCBuildConfiguration section */

/* Begin XCConfigurationList section */
		080CFC152355D7A9003510A3 /* Build configuration list for PBXProject "expandDemoTableview" */ = {
			isa = XCConfigurationList;
			buildConfigurations = (
				080CFC2A2355D7AC003510A3 /* Debug */,
				080CFC2B2355D7AC003510A3 /* Release */,
			);
			defaultConfigurationIsVisible = 0;
			defaultConfigurationName = Release;
		};
		080CFC2C2355D7AC003510A3 /* Build configuration list for PBXNativeTarget "expandDemoTableview" */ = {
			isa = XCConfigurationList;
			buildConfigurations = (
				080CFC2D2355D7AC003510A3 /* Debug */,
				080CFC2E2355D7AC003510A3 /* Release */,
			);
			defaultConfigurationIsVisible = 0;
			defaultConfigurationName = Release;
		};
/* End XCConfigurationList section */
	};
	rootObject = 080CFC122355D7A9003510A3 /* Project object */;
}
